
Microsoft Visual Studio Solution File, Format Version 12.00
Project("{FAE04EC0-301F-11D3-BF4B-00C04F79EFBC}") = "AiFix", "AiFix.csproj", "{088ACE38-49CE-41FC-A971-2168370ABF87}"
EndProject
Project("{FAE04EC0-301F-11D3-BF4B-00C04F79EFBC}") = "StoryOptimizer", "..\StoryOptimizer\StoryOptimizer.csproj", "{F390D41B-8604-405B-B382-FF2A0C25717B}"
EndProject
Global
	GlobalSection(SolutionConfigurationPlatforms) = preSolution
		Debug|Any CPU = Debug|Any CPU
		Debug|x64 = Debug|x64
		Debug|x86 = Debug|x86
		Release|Any CPU = Release|Any CPU
		Release|x64 = Release|x64
		Release|x86 = Release|x86
	EndGlobalSection
	GlobalSection(ProjectConfigurationPlatforms) = postSolution
		{088ACE38-49CE-41FC-A971-2168370ABF87}.Debug|Any CPU.ActiveCfg = Debug|Any CPU
		{088ACE38-49CE-41FC-A971-2168370ABF87}.Debug|Any CPU.Build.0 = Debug|Any CPU
		{088ACE38-49CE-41FC-A971-2168370ABF87}.Debug|x64.ActiveCfg = Debug|Any CPU
		{088ACE38-49CE-41FC-A971-2168370ABF87}.Debug|x64.Build.0 = Debug|Any CPU
		{088ACE38-49CE-41FC-A971-2168370ABF87}.Debug|x86.ActiveCfg = Debug|Any CPU
		{088ACE38-49CE-41FC-A971-2168370ABF87}.Debug|x86.Build.0 = Debug|Any CPU
		{088ACE38-49CE-41FC-A971-2168370ABF87}.Release|Any CPU.ActiveCfg = Release|Any CPU
		{088ACE38-49CE-41FC-A971-2168370ABF87}.Release|Any CPU.Build.0 = Release|Any CPU
		{088ACE38-49CE-41FC-A971-2168370ABF87}.Release|x64.ActiveCfg = Release|Any CPU
		{088ACE38-49CE-41FC-A971-2168370ABF87}.Release|x64.Build.0 = Release|Any CPU
		{088ACE38-49CE-41FC-A971-2168370ABF87}.Release|x86.ActiveCfg = Release|Any CPU
		{088ACE38-49CE-41FC-A971-2168370ABF87}.Release|x86.Build.0 = Release|Any CPU
		{F390D41B-8604-405B-B382-FF2A0C25717B}.Debug|Any CPU.ActiveCfg = Debug|Any CPU
		{F390D41B-8604-405B-B382-FF2A0C25717B}.Debug|Any CPU.Build.0 = Debug|Any CPU
		{F390D41B-8604-405B-B382-FF2A0C25717B}.Debug|x64.ActiveCfg = Debug|Any CPU
		{F390D41B-8604-405B-B382-FF2A0C25717B}.Debug|x64.Build.0 = Debug|Any CPU
		{F390D41B-8604-405B-B382-FF2A0C25717B}.Debug|x86.ActiveCfg = Debug|Any CPU
		{F390D41B-8604-405B-B382-FF2A0C25717B}.Debug|x86.Build.0 = Debug|Any CPU
		{F390D41B-8604-405B-B382-FF2A0C25717B}.Release|Any CPU.ActiveCfg = Release|Any CPU
		{F390D41B-8604-405B-B382-FF2A0C25717B}.Release|Any CPU.Build.0 = Release|Any CPU
		{F390D41B-8604-405B-B382-FF2A0C25717B}.Release|x64.ActiveCfg = Release|Any CPU
		{F390D41B-8604-405B-B382-FF2A0C25717B}.Release|x64.Build.0 = Release|Any CPU
		{F390D41B-8604-405B-B382-FF2A0C25717B}.Release|x86.ActiveCfg = Release|Any CPU
		{F390D41B-8604-405B-B382-FF2A0C25717B}.Release|x86.Build.0 = Release|Any CPU
	EndGlobalSection
	GlobalSection(SolutionProperties) = preSolution
		HideSolutionNode = FALSE
	EndGlobalSection
EndGlobal
